<?xml version="1.0" encoding="utf-8"?>
<Project ToolsVersion="4.0" xmlns="http://schemas.microsoft.com/developer/msbuild/2003">
  <ItemGroup>
    <Filter Include="Source Files">
      <UniqueIdentifier>{4FC737F1-C7A5-4376-A066-2A32D752A2FF}</UniqueIdentifier>
      <Extensions>cpp;c;cc;cxx;def;odl;idl;hpj;bat;asm;asmx</Extensions>
    </Filter>
    <Filter Include="Header Files">
      <UniqueIdentifier>{93995380-89BD-4b04-88EB-625FBE52EBFB}</UniqueIdentifier>
      <Extensions>h;hpp;hxx;hm;inl;inc;xsd</Extensions>
    </Filter>
    <Filter Include="Resource Files">
      <UniqueIdentifier>{67DA6AB6-F800-4c08-8B7A-83BB121AAD01}</UniqueIdentifier>
      <Extensions>rc;ico;cur;bmp;dlg;rc2;rct;bin;rgs;gif;jpg;jpeg;jpe;resx;tiff;tif;png;wav;mfcribbon-ms</Extensions>
    </Filter>
    <Filter Include="Header Files\Classes">
      <UniqueIdentifier>{5fb73b01-47c9-4b5a-9c8c-569a26c8c885}</UniqueIdentifier>
    </Filter>
    <Filter Include="Source Files\Classes">
      <UniqueIdentifier>{de17dece-2d0a-4d3f-b5eb-459ad0a3bcff}</UniqueIdentifier>
    </Filter>
    <Filter Include="Header Files\Base Classes">
      <UniqueIdentifier>{8f392d17-42b1-419d-9271-c382a525357e}</UniqueIdentifier>
    </Filter>
    <Filter Include="Source Files\Base Classes">
      <UniqueIdentifier>{e1771ac2-557a-42aa-8022-a448f2ec82ab}</UniqueIdentifier>
    </Filter>
    <Filter Include="Resource Files\Textures">
      <UniqueIdentifier>{a5ff39c3-0de1-47ac-b4f4-31c7775d1475}</UniqueIdentifier>
    </Filter>
    <Filter Include="Resource Files\Sprites">
      <UniqueIdentifier>{40f30155-ffd7-4e72-98db-24f4c8eb6b7d}</UniqueIdentifier>
    </Filter>
    <Filter Include="Header Files\Interfaces">
      <UniqueIdentifier>{816f7712-d556-4204-b2ef-3039392fcbba}</UniqueIdentifier>
    </Filter>
    <Filter Include="Resource Files\Music">
      <UniqueIdentifier>{670b5361-d2d4-49d2-9f72-4bfedff56e2f}</UniqueIdentifier>
    </Filter>
    <Filter Include="Other">
      <UniqueIdentifier>{94515ff4-5779-45c1-a8ac-dc4592d9cba5}</UniqueIdentifier>
    </Filter>
    <Filter Include="Resource Files\Maps">
      <UniqueIdentifier>{ae29c454-a9e1-4f3a-b934-526b56b7145c}</UniqueIdentifier>
    </Filter>
  </ItemGroup>
  <ItemGroup>
    <Text Include="ReadMe.txt" />
    <Text Include="Other\Known Bugs.txt">
      <Filter>Other</Filter>
    </Text>
  </ItemGroup>
  <ItemGroup>
    <ClCompile Include="Source Files\stdafx.cpp">
      <Filter>Source Files</Filter>
    </ClCompile>
    <ClCompile Include="Source Files\1 Main.cpp">
      <Filter>Source Files</Filter>
    </ClCompile>
    <ClCompile Include="Source Files\CResourceDirectories.cpp">
      <Filter>Source Files\Base Classes</Filter>
    </ClCompile>
    <ClCompile Include="Source Files\CWindow.cpp">
      <Filter>Source Files\Classes</Filter>
    </ClCompile>
    <ClCompile Include="Source Files\CGame.cpp">
      <Filter>Source Files\Classes</Filter>
    </ClCompile>
    <ClCompile Include="Source Files\CSprite.cpp">
      <Filter>Source Files\Classes</Filter>
    </ClCompile>
    <ClCompile Include="Source Files\CTimer.cpp">
      <Filter>Source Files\Classes</Filter>
    </ClCompile>
    <ClCompile Include="Source Files\CUserControlled_Bot.cpp">
      <Filter>Source Files\Classes</Filter>
    </ClCompile>
    <ClCompile Include="Source Files\CAI_Bot.cpp">
      <Filter>Source Files\Classes</Filter>
    </ClCompile>
    <ClCompile Include="Source Files\Math2D.cpp">
      <Filter>Source Files</Filter>
    </ClCompile>
    <ClCompile Include="Source Files\CBot.cpp">
      <Filter>Source Files\Base Classes</Filter>
    </ClCompile>
    <ClCompile Include="Source Files\CPhysics.cpp">
      <Filter>Source Files\Classes</Filter>
    </ClCompile>
    <ClCompile Include="Source Files\CMusic.cpp">
      <Filter>Source Files\Classes</Filter>
    </ClCompile>
    <ClCompile Include="Source Files\CMap.cpp">
      <Filter>Source Files</Filter>
    </ClCompile>
  </ItemGroup>
  <ItemGroup>
    <ClInclude Include="Source Files\stdafx.h">
      <Filter>Header Files</Filter>
    </ClInclude>
    <ClInclude Include="Source Files\targetver.h">
      <Filter>Header Files</Filter>
    </ClInclude>
    <ClInclude Include="Source Files\CGame.h">
      <Filter>Header Files\Classes</Filter>
    </ClInclude>
    <ClInclude Include="Source Files\CWindow.h">
      <Filter>Header Files\Classes</Filter>
    </ClInclude>
    <ClInclude Include="Source Files\CResourceDirectories.h">
      <Filter>Header Files\Base Classes</Filter>
    </ClInclude>
    <ClInclude Include="Source Files\CSprite.h">
      <Filter>Header Files\Classes</Filter>
    </ClInclude>
    <ClInclude Include="Source Files\CTimer.h">
      <Filter>Header Files\Classes</Filter>
    </ClInclude>
    <ClInclude Include="Source Files\CUserControlled_Bot.h">
      <Filter>Header Files\Classes</Filter>
    </ClInclude>
    <ClInclude Include="Source Files\CAI_Bot.h">
      <Filter>Header Files\Classes</Filter>
    </ClInclude>
    <ClInclude Include="Source Files\Math2D.h">
      <Filter>Header Files</Filter>
    </ClInclude>
    <ClInclude Include="Source Files\CBot.h">
      <Filter>Header Files\Base Classes</Filter>
    </ClInclude>
    <ClInclude Include="Source Files\CPhysics.h">
      <Filter>Header Files\Classes</Filter>
    </ClInclude>
    <ClInclude Include="Source Files\CMusic.h">
      <Filter>Header Files\Classes</Filter>
    </ClInclude>
    <ClInclude Include="Source Files\CMap.h">
      <Filter>Header Files\Classes</Filter>
    </ClInclude>
  </ItemGroup>
  <ItemGroup>
    <Image Include="Resource Files\Textures\foo.png">
      <Filter>Resource Files\Textures</Filter>
    </Image>
    <Image Include="Resource Files\Textures\texture.png">
      <Filter>Resource Files\Textures</Filter>
    </Image>
    <Image Include="Resource Files\Sprites\redAI.png">
      <Filter>Resource Files\Sprites</Filter>
    </Image>
    <Image Include="Resource Files\Sprites\blueAI.png">
      <Filter>Resource Files\Sprites</Filter>
    </Image>
  </ItemGroup>
</Project>